
Microsoft Visual Studio Solution File, Format Version 12.00
# Visual Studio Version 16
VisualStudioVersion = 16.0.31306.274
MinimumVisualStudioVersion = 10.0.40219.1
Project("{9A19103F-16F7-4668-BE54-9A1E7A4F7556}") = "CodeGenerator", "CodeGenerator\CodeGenerator.csproj", "{05EB56F9-F501-4CF7-864A-44D050222919}"
EndProject
Project("{9A19103F-16F7-4668-BE54-9A1E7A4F7556}") = "FasterActions", "FasterActions\FasterActions.csproj", "{D70ABCE9-E444-4489-8D8A-AC083711FF1F}"
EndProject
Project("{FAE04EC0-301F-11D3-BF4B-00C04F79EFBC}") = "Sample", "Sample\Sample.csproj", "{F01F47B0-EB37-46BE-B9C8-5BB93B6DFB0C}"
EndProject
Global
	GlobalSection(SolutionConfigurationPlatforms) = preSolution
		Debug|Any CPU = Debug|Any CPU
		Release|Any CPU = Release|Any CPU
	EndGlobalSection
	GlobalSection(ProjectConfigurationPlatforms) = postSolution
		{05EB56F9-F501-4CF7-864A-44D050222919}.Debug|Any CPU.ActiveCfg = Debug|Any CPU
		{05EB56F9-F501-4CF7-864A-44D050222919}.Debug|Any CPU.Build.0 = Debug|Any CPU
		{05EB56F9-F501-4CF7-864A-44D050222919}.Release|Any CPU.ActiveCfg = Release|Any CPU
		{05EB56F9-F501-4CF7-864A-44D050222919}.Release|Any CPU.Build.0 = Release|Any CPU
		{D70ABCE9-E444-4489-8D8A-AC083711FF1F}.Debug|Any CPU.ActiveCfg = Debug|Any CPU
		{D70ABCE9-E444-4489-8D8A-AC083711FF1F}.Debug|Any CPU.Build.0 = Debug|Any CPU
		{D70ABCE9-E444-4489-8D8A-AC083711FF1F}.Release|Any CPU.ActiveCfg = Release|Any CPU
		{D70ABCE9-E444-4489-8D8A-AC083711FF1F}.Release|Any CPU.Build.0 = Release|Any CPU
		{F01F47B0-EB37-46BE-B9C8-5BB93B6DFB0C}.Debug|Any CPU.ActiveCfg = Debug|Any CPU
		{F01F47B0-EB37-46BE-B9C8-5BB93B6DFB0C}.Debug|Any CPU.Build.0 = Debug|Any CPU
		{F01F47B0-EB37-46BE-B9C8-5BB93B6DFB0C}.Release|Any CPU.ActiveCfg = Release|Any CPU
		{F01F47B0-EB37-46BE-B9C8-5BB93B6DFB0C}.Release|Any CPU.Build.0 = Release|Any CPU
	EndGlobalSection
	GlobalSection(SolutionProperties) = preSolution
		HideSolutionNode = FALSE
	EndGlobalSection
	GlobalSection(ExtensibilityGlobals) = postSolution
		SolutionGuid = {F8E8B578-BB40-4EE8-994D-155019611676}
	EndGlobalSection
EndGlobal
